
Microsoft Visual Studio Solution File, Format Version 12.00
# Visual Studio 2013
VisualStudioVersion = 12.0.31101.0
MinimumVisualStudioVersion = 10.0.40219.1
Project("{FAE04EC0-301F-11D3-BF4B-00C04F79EFBC}") = "SuperAdventure", "SuperAdventure\SuperAdventure.csproj", "{F8B612C6-BF0B-4E07-B51B-5D0B2521E79C}"
EndProject
Project("{FAE04EC0-301F-11D3-BF4B-00C04F79EFBC}") = "Engine", "Engine\Engine.csproj", "{4CDD05F4-2A93-46FC-9C2E-417F90D9D64C}"
EndProject
Global
	GlobalSection(SolutionConfigurationPlatforms) = preSolution
		Debug|Any CPU = Debug|Any CPU
		Release|Any CPU = Release|Any CPU
	EndGlobalSection
	GlobalSection(ProjectConfigurationPlatforms) = postSolution
		{F8B612C6-BF0B-4E07-B51B-5D0B2521E79C}.Debug|Any CPU.ActiveCfg = Debug|Any CPU
		{F8B612C6-BF0B-4E07-B51B-5D0B2521E79C}.Debug|Any CPU.Build.0 = Debug|Any CPU
		{F8B612C6-BF0B-4E07-B51B-5D0B2521E79C}.Release|Any CPU.ActiveCfg = Release|Any CPU
		{F8B612C6-BF0B-4E07-B51B-5D0B2521E79C}.Release|Any CPU.Build.0 = Release|Any CPU
		{4CDD05F4-2A93-46FC-9C2E-417F90D9D64C}.Debug|Any CPU.ActiveCfg = Debug|Any CPU
		{4CDD05F4-2A93-46FC-9C2E-417F90D9D64C}.Debug|Any CPU.Build.0 = Debug|Any CPU
		{4CDD05F4-2A93-46FC-9C2E-417F90D9D64C}.Release|Any CPU.ActiveCfg = Release|Any CPU
		{4CDD05F4-2A93-46FC-9C2E-417F90D9D64C}.Release|Any CPU.Build.0 = Release|Any CPU
	EndGlobalSection
	GlobalSection(SolutionProperties) = preSolution
		HideSolutionNode = FALSE
	EndGlobalSection
EndGlobal
