
Microsoft Visual Studio Solution File, Format Version 12.00
# Visual Studio 2013
VisualStudioVersion = 12.0.31101.0
MinimumVisualStudioVersion = 10.0.40219.1
Project("{FAE04EC0-301F-11D3-BF4B-00C04F79EFBC}") = "Net Basic Training Part 3", "Net Basic Training Part 3.csproj", "{33114F0F-42A9-4073-A8DB-A727BDABC138}"
EndProject
Project("{FAE04EC0-301F-11D3-BF4B-00C04F79EFBC}") = "UI", "..\UI\UI.csproj", "{E5C0B6AB-B0E1-4806-881F-0D5A51DE5BFD}"
EndProject
Project("{FAE04EC0-301F-11D3-BF4B-00C04F79EFBC}") = "Console", "..\Console\Console.csproj", "{15900DA2-631A-4381-AA83-0B6A24304E51}"
EndProject
Global
	GlobalSection(SolutionConfigurationPlatforms) = preSolution
		Debug|Any CPU = Debug|Any CPU
		Release|Any CPU = Release|Any CPU
	EndGlobalSection
	GlobalSection(ProjectConfigurationPlatforms) = postSolution
		{33114F0F-42A9-4073-A8DB-A727BDABC138}.Debug|Any CPU.ActiveCfg = Debug|Any CPU
		{33114F0F-42A9-4073-A8DB-A727BDABC138}.Debug|Any CPU.Build.0 = Debug|Any CPU
		{33114F0F-42A9-4073-A8DB-A727BDABC138}.Release|Any CPU.ActiveCfg = Release|Any CPU
		{33114F0F-42A9-4073-A8DB-A727BDABC138}.Release|Any CPU.Build.0 = Release|Any CPU
		{E5C0B6AB-B0E1-4806-881F-0D5A51DE5BFD}.Debug|Any CPU.ActiveCfg = Debug|Any CPU
		{E5C0B6AB-B0E1-4806-881F-0D5A51DE5BFD}.Debug|Any CPU.Build.0 = Debug|Any CPU
		{E5C0B6AB-B0E1-4806-881F-0D5A51DE5BFD}.Release|Any CPU.ActiveCfg = Release|Any CPU
		{E5C0B6AB-B0E1-4806-881F-0D5A51DE5BFD}.Release|Any CPU.Build.0 = Release|Any CPU
		{15900DA2-631A-4381-AA83-0B6A24304E51}.Debug|Any CPU.ActiveCfg = Debug|Any CPU
		{15900DA2-631A-4381-AA83-0B6A24304E51}.Debug|Any CPU.Build.0 = Debug|Any CPU
		{15900DA2-631A-4381-AA83-0B6A24304E51}.Release|Any CPU.ActiveCfg = Release|Any CPU
		{15900DA2-631A-4381-AA83-0B6A24304E51}.Release|Any CPU.Build.0 = Release|Any CPU
	EndGlobalSection
	GlobalSection(SolutionProperties) = preSolution
		HideSolutionNode = FALSE
	EndGlobalSection
EndGlobal
